// !$*UTF8*$!
{
	archiveVersion = 1;
	classes = {
	};
	objectVersion = 55;
	objects = {

/* Begin PBXBuildFile section */
		9A96030627ED50560031B164 /* UIColor+Ext.swift in Sources */ = {isa = PBXBuildFile; fileRef = 9A96030527ED50560031B164 /* UIColor+Ext.swift */; };
		9A96032827EEB17F0031B164 /* jump.wav in Resources */ = {isa = PBXBuildFile; fileRef = 9A96032027EEB17F0031B164 /* jump.wav */; };
		9A96032927EEB17F0031B164 /* superScore.wav in Resources */ = {isa = PBXBuildFile; fileRef = 9A96032127EEB17F0031B164 /* superScore.wav */; };
		9A96032A27EEB17F0031B164 /* collision.wav in Resources */ = {isa = PBXBuildFile; fileRef = 9A96032227EEB17F0031B164 /* collision.wav */; };
		9A96032B27EEB17F0031B164 /* btn.wav in Resources */ = {isa = PBXBuildFile; fileRef = 9A96032327EEB17F0031B164 /* btn.wav */; };
		9A96032C27EEB17F0031B164 /* score.wav in Resources */ = {isa = PBXBuildFile; fileRef = 9A96032427EEB17F0031B164 /* score.wav */; };
		9A96032D27EEB17F0031B164 /* rimouski sb.otf in Resources */ = {isa = PBXBuildFile; fileRef = 9A96032627EEB17F0031B164 /* rimouski sb.otf */; };
		9A96032E27EEB17F0031B164 /* wheaton capitals.otf in Resources */ = {isa = PBXBuildFile; fileRef = 9A96032727EEB17F0031B164 /* wheaton capitals.otf */; };
		9A96033027EF87CD0031B164 /* WallNode.swift in Sources */ = {isa = PBXBuildFile; fileRef = 9A96032F27EF87CD0031B164 /* WallNode.swift */; };
		9A96033227EF87D40031B164 /* SideNode.swift in Sources */ = {isa = PBXBuildFile; fileRef = 9A96033127EF87D40031B164 /* SideNode.swift */; };
		9A96033527EF89360031B164 /* Types.swift in Sources */ = {isa = PBXBuildFile; fileRef = 9A96033427EF89360031B164 /* Types.swift */; };
		9A96033727F230470031B164 /* HUDNode.swift in Sources */ = {isa = PBXBuildFile; fileRef = 9A96033627F230470031B164 /* HUDNode.swift */; };
		9A96033927F25E230031B164 /* SuperScoreNode.swift in Sources */ = {isa = PBXBuildFile; fileRef = 9A96033827F25E230031B164 /* SuperScoreNode.swift */; };
		9AD340A427E4F634007AF6CD /* AppDelegate.swift in Sources */ = {isa = PBXBuildFile; fileRef = 9AD340A327E4F634007AF6CD /* AppDelegate.swift */; };
		9AD340A627E4F634007AF6CD /* GameScene.sks in Resources */ = {isa = PBXBuildFile; fileRef = 9AD340A527E4F634007AF6CD /* GameScene.sks */; };
		9AD340A827E4F634007AF6CD /* Actions.sks in Resources */ = {isa = PBXBuildFile; fileRef = 9AD340A727E4F634007AF6CD /* Actions.sks */; };
		9AD340AA27E4F634007AF6CD /* GameScene.swift in Sources */ = {isa = PBXBuildFile; fileRef = 9AD340A927E4F634007AF6CD /* GameScene.swift */; };
		9AD340AC27E4F634007AF6CD /* GameViewController.swift in Sources */ = {isa = PBXBuildFile; fileRef = 9AD340AB27E4F634007AF6CD /* GameViewController.swift */; };
		9AD340AF27E4F634007AF6CD /* Main.storyboard in Resources */ = {isa = PBXBuildFile; fileRef = 9AD340AD27E4F634007AF6CD /* Main.storyboard */; };
		9AD340B127E4F635007AF6CD /* Assets.xcassets in Resources */ = {isa = PBXBuildFile; fileRef = 9AD340B027E4F635007AF6CD /* Assets.xcassets */; };
		9AD340B427E4F635007AF6CD /* LaunchScreen.storyboard in Resources */ = {isa = PBXBuildFile; fileRef = 9AD340B227E4F635007AF6CD /* LaunchScreen.storyboard */; };
		9AD340D227E654B2007AF6CD /* PlayerNode.swift in Sources */ = {isa = PBXBuildFile; fileRef = 9AD340D127E654B2007AF6CD /* PlayerNode.swift */; };
/* End PBXBuildFile section */

/* Begin PBXFileReference section */
		9A96030527ED50560031B164 /* UIColor+Ext.swift */ = {isa = PBXFileReference; lastKnownFileType = sourcecode.swift; path = "UIColor+Ext.swift"; sourceTree = "<group>"; };
		9A96032027EEB17F0031B164 /* jump.wav */ = {isa = PBXFileReference; lastKnownFileType = audio.wav; path = jump.wav; sourceTree = "<group>"; };
		9A96032127EEB17F0031B164 /* superScore.wav */ = {isa = PBXFileReference; lastKnownFileType = audio.wav; path = superScore.wav; sourceTree = "<group>"; };
		9A96032227EEB17F0031B164 /* collision.wav */ = {isa = PBXFileReference; lastKnownFileType = audio.wav; path = collision.wav; sourceTree = "<group>"; };
		9A96032327EEB17F0031B164 /* btn.wav */ = {isa = PBXFileReference; lastKnownFileType = audio.wav; path = btn.wav; sourceTree = "<group>"; };
		9A96032427EEB17F0031B164 /* score.wav */ = {isa = PBXFileReference; lastKnownFileType = audio.wav; path = score.wav; sourceTree = "<group>"; };
		9A96032627EEB17F0031B164 /* rimouski sb.otf */ = {isa = PBXFileReference; lastKnownFileType = file; path = "rimouski sb.otf"; sourceTree = "<group>"; };
		9A96032727EEB17F0031B164 /* wheaton capitals.otf */ = {isa = PBXFileReference; lastKnownFileType = file; path = "wheaton capitals.otf"; sourceTree = "<group>"; };
		9A96032F27EF87CD0031B164 /* WallNode.swift */ = {isa = PBXFileReference; lastKnownFileType = sourcecode.swift; path = WallNode.swift; sourceTree = "<group>"; };
		9A96033127EF87D40031B164 /* SideNode.swift */ = {isa = PBXFileReference; lastKnownFileType = sourcecode.swift; path = SideNode.swift; sourceTree = "<group>"; };
		9A96033427EF89360031B164 /* Types.swift */ = {isa = PBXFileReference; lastKnownFileType = sourcecode.swift; path = Types.swift; sourceTree = "<group>"; };
		9A96033627F230470031B164 /* HUDNode.swift */ = {isa = PBXFileReference; lastKnownFileType = sourcecode.swift; path = HUDNode.swift; sourceTree = "<group>"; };
		9A96033827F25E230031B164 /* SuperScoreNode.swift */ = {isa = PBXFileReference; lastKnownFileType = sourcecode.swift; path = SuperScoreNode.swift; sourceTree = "<group>"; };
		9AD340A027E4F634007AF6CD /* Jump.app */ = {isa = PBXFileReference; explicitFileType = wrapper.application; includeInIndex = 0; path = Jump.app; sourceTree = BUILT_PRODUCTS_DIR; };
		9AD340A327E4F634007AF6CD /* AppDelegate.swift */ = {isa = PBXFileReference; lastKnownFileType = sourcecode.swift; path = AppDelegate.swift; sourceTree = "<group>"; };
		9AD340A527E4F634007AF6CD /* GameScene.sks */ = {isa = PBXFileReference; lastKnownFileType = file.sks; path = GameScene.sks; sourceTree = "<group>"; };
		9AD340A727E4F634007AF6CD /* Actions.sks */ = {isa = PBXFileReference; lastKnownFileType = file.sks; path = Actions.sks; sourceTree = "<group>"; };
		9AD340A927E4F634007AF6CD /* GameScene.swift */ = {isa = PBXFileReference; lastKnownFileType = sourcecode.swift; path = GameScene.swift; sourceTree = "<group>"; };
		9AD340AB27E4F634007AF6CD /* GameViewController.swift */ = {isa = PBXFileReference; lastKnownFileType = sourcecode.swift; path = GameViewController.swift; sourceTree = "<group>"; };
		9AD340AE27E4F634007AF6CD /* Base */ = {isa = PBXFileReference; lastKnownFileType = file.storyboard; name = Base; path = Base.lproj/Main.storyboard; sourceTree = "<group>"; };
		9AD340B027E4F635007AF6CD /* Assets.xcassets */ = {isa = PBXFileReference; lastKnownFileType = folder.assetcatalog; path = Assets.xcassets; sourceTree = "<group>"; };
		9AD340B327E4F635007AF6CD /* Base */ = {isa = PBXFileReference; lastKnownFileType = file.storyboard; name = Base; path = Base.lproj/LaunchScreen.storyboard; sourceTree = "<group>"; };
		9AD340CF27E4F86A007AF6CD /* Info.plist */ = {isa = PBXFileReference; lastKnownFileType = text.plist.xml; path = Info.plist; sourceTree = "<group>"; };
		9AD340D127E654B2007AF6CD /* PlayerNode.swift */ = {isa = PBXFileReference; lastKnownFileType = sourcecode.swift; path = PlayerNode.swift; sourceTree = "<group>"; };
/* End PBXFileReference section */

/* Begin PBXFrameworksBuildPhase section */
		9AD3409D27E4F634007AF6CD /* Frameworks */ = {
			isa = PBXFrameworksBuildPhase;
			buildActionMask = 2147483647;
			files = (
			);
			runOnlyForDeploymentPostprocessing = 0;
		};
/* End PBXFrameworksBuildPhase section */

/* Begin PBXGroup section */
		9A96030427ED502D0031B164 /* Extensions */ = {
			isa = PBXGroup;
			children = (
				9A96030527ED50560031B164 /* UIColor+Ext.swift */,
			);
			path = Extensions;
			sourceTree = "<group>";
		};
		9A96031F27EEB17F0031B164 /* Sounds */ = {
			isa = PBXGroup;
			children = (
				9A96032027EEB17F0031B164 /* jump.wav */,
				9A96032127EEB17F0031B164 /* superScore.wav */,
				9A96032227EEB17F0031B164 /* collision.wav */,
				9A96032327EEB17F0031B164 /* btn.wav */,
				9A96032427EEB17F0031B164 /* score.wav */,
			);
			path = Sounds;
			sourceTree = "<group>";
		};
		9A96032527EEB17F0031B164 /* Fonts */ = {
			isa = PBXGroup;
			children = (
				9A96032627EEB17F0031B164 /* rimouski sb.otf */,
				9A96032727EEB17F0031B164 /* wheaton capitals.otf */,
			);
			path = Fonts;
			sourceTree = "<group>";
		};
		9A96033327EF88F40031B164 /* MyUtils */ = {
			isa = PBXGroup;
			children = (
				9A96033427EF89360031B164 /* Types.swift */,
			);
			path = MyUtils;
			sourceTree = "<group>";
		};
		9AD3409727E4F634007AF6CD = {
			isa = PBXGroup;
			children = (
				9AD340A227E4F634007AF6CD /* Jump */,
				9AD340A127E4F634007AF6CD /* Products */,
			);
			sourceTree = "<group>";
		};
		9AD340A127E4F634007AF6CD /* Products */ = {
			isa = PBXGroup;
			children = (
				9AD340A027E4F634007AF6CD /* Jump.app */,
			);
			name = Products;
			sourceTree = "<group>";
		};
		9AD340A227E4F634007AF6CD /* Jump */ = {
			isa = PBXGroup;
			children = (
				9AD340BA27E4F65F007AF6CD /* Delegates */,
				9AD340A527E4F634007AF6CD /* GameScene.sks */,
				9AD340A727E4F634007AF6CD /* Actions.sks */,
				9A96033327EF88F40031B164 /* MyUtils */,
				9A96030427ED502D0031B164 /* Extensions */,
				9AD340D027E6548A007AF6CD /* Nodes */,
				9AD340BB27E4F66F007AF6CD /* Scenes */,
				9AD340BC27E4F67E007AF6CD /* Controllers */,
				9AD340BD27E4F6A1007AF6CD /* Mains */,
				9AD340BE27E4F6AE007AF6CD /* Resources */,
			);
			path = Jump;
			sourceTree = "<group>";
		};
		9AD340BA27E4F65F007AF6CD /* Delegates */ = {
			isa = PBXGroup;
			children = (
				9AD340A327E4F634007AF6CD /* AppDelegate.swift */,
			);
			path = Delegates;
			sourceTree = "<group>";
		};
		9AD340BB27E4F66F007AF6CD /* Scenes */ = {
			isa = PBXGroup;
			children = (
				9AD340A927E4F634007AF6CD /* GameScene.swift */,
			);
			path = Scenes;
			sourceTree = "<group>";
		};
		9AD340BC27E4F67E007AF6CD /* Controllers */ = {
			isa = PBXGroup;
			children = (
				9AD340AB27E4F634007AF6CD /* GameViewController.swift */,
			);
			path = Controllers;
			sourceTree = "<group>";
		};
		9AD340BD27E4F6A1007AF6CD /* Mains */ = {
			isa = PBXGroup;
			children = (
				9AD340AD27E4F634007AF6CD /* Main.storyboard */,
				9AD340B227E4F635007AF6CD /* LaunchScreen.storyboard */,
			);
			path = Mains;
			sourceTree = "<group>";
		};
		9AD340BE27E4F6AE007AF6CD /* Resources */ = {
			isa = PBXGroup;
			children = (
				9A96032527EEB17F0031B164 /* Fonts */,
				9A96031F27EEB17F0031B164 /* Sounds */,
				9AD340CF27E4F86A007AF6CD /* Info.plist */,
				9AD340B027E4F635007AF6CD /* Assets.xcassets */,
			);
			path = Resources;
			sourceTree = "<group>";
		};
		9AD340D027E6548A007AF6CD /* Nodes */ = {
			isa = PBXGroup;
			children = (
				9AD340D127E654B2007AF6CD /* PlayerNode.swift */,
				9A96032F27EF87CD0031B164 /* WallNode.swift */,
				9A96033127EF87D40031B164 /* SideNode.swift */,
				9A96033627F230470031B164 /* HUDNode.swift */,
				9A96033827F25E230031B164 /* SuperScoreNode.swift */,
			);
			path = Nodes;
			sourceTree = "<group>";
		};
/* End PBXGroup section */

/* Begin PBXNativeTarget section */
		9AD3409F27E4F634007AF6CD /* Jump */ = {
			isa = PBXNativeTarget;
			buildConfigurationList = 9AD340B727E4F635007AF6CD /* Build configuration list for PBXNativeTarget "Jump" */;
			buildPhases = (
				9AD3409C27E4F634007AF6CD /* Sources */,
				9AD3409D27E4F634007AF6CD /* Frameworks */,
				9AD3409E27E4F634007AF6CD /* Resources */,
			);
			buildRules = (
			);
			dependencies = (
			);
			name = Jump;
			productName = Jump;
			productReference = 9AD340A027E4F634007AF6CD /* Jump.app */;
			productType = "com.apple.product-type.application";
		};
/* End PBXNativeTarget section */

/* Begin PBXProject section */
		9AD3409827E4F634007AF6CD /* Project object */ = {
			isa = PBXProject;
			attributes = {
				BuildIndependentTargetsInParallel = 1;
				LastSwiftUpdateCheck = 1330;
				LastUpgradeCheck = 1330;
				TargetAttributes = {
					9AD3409F27E4F634007AF6CD = {
						CreatedOnToolsVersion = 13.3;
					};
				};
			};
			buildConfigurationList = 9AD3409B27E4F634007AF6CD /* Build configuration list for PBXProject "Jump" */;
			compatibilityVersion = "Xcode 13.0";
			developmentRegion = en;
			hasScannedForEncodings = 0;
			knownRegions = (
				en,
				Base,
			);
			mainGroup = 9AD3409727E4F634007AF6CD;
			productRefGroup = 9AD340A127E4F634007AF6CD /* Products */;
			projectDirPath = "";
			projectRoot = "";
			targets = (
				9AD3409F27E4F634007AF6CD /* Jump */,
			);
		};
/* End PBXProject section */

/* Begin PBXResourcesBuildPhase section */
		9AD3409E27E4F634007AF6CD /* Resources */ = {
			isa = PBXResourcesBuildPhase;
			buildActionMask = 2147483647;
			files = (
				9A96032B27EEB17F0031B164 /* btn.wav in Resources */,
				9A96032D27EEB17F0031B164 /* rimouski sb.otf in Resources */,
				9A96032E27EEB17F0031B164 /* wheaton capitals.otf in Resources */,
				9A96032927EEB17F0031B164 /* superScore.wav in Resources */,
				9A96032827EEB17F0031B164 /* jump.wav in Resources */,
				9A96032C27EEB17F0031B164 /* score.wav in Resources */,
				9AD340AF27E4F634007AF6CD /* Main.storyboard in Resources */,
				9AD340A627E4F634007AF6CD /* GameScene.sks in Resources */,
				9AD340B127E4F635007AF6CD /* Assets.xcassets in Resources */,
				9A96032A27EEB17F0031B164 /* collision.wav in Resources */,
				9AD340B427E4F635007AF6CD /* LaunchScreen.storyboard in Resources */,
				9AD340A827E4F634007AF6CD /* Actions.sks in Resources */,
			);
			runOnlyForDeploymentPostprocessing = 0;
		};
/* End PBXResourcesBuildPhase section */

/* Begin PBXSourcesBuildPhase section */
		9AD3409C27E4F634007AF6CD /* Sources */ = {
			isa = PBXSourcesBuildPhase;
			buildActionMask = 2147483647;
			files = (
				9AD340AA27E4F634007AF6CD /* GameScene.swift in Sources */,
				9AD340AC27E4F634007AF6CD /* GameViewController.swift in Sources */,
				9A96030627ED50560031B164 /* UIColor+Ext.swift in Sources */,
				9A96033527EF89360031B164 /* Types.swift in Sources */,
				9AD340D227E654B2007AF6CD /* PlayerNode.swift in Sources */,
				9AD340A427E4F634007AF6CD /* AppDelegate.swift in Sources */,
				9A96033027EF87CD0031B164 /* WallNode.swift in Sources */,
				9A96033727F230470031B164 /* HUDNode.swift in Sources */,
				9A96033927F25E230031B164 /* SuperScoreNode.swift in Sources */,
				9A96033227EF87D40031B164 /* SideNode.swift in Sources */,
			);
			runOnlyForDeploymentPostprocessing = 0;
		};
/* End PBXSourcesBuildPhase section */

/* Begin PBXVariantGroup section */
		9AD340AD27E4F634007AF6CD /* Main.storyboard */ = {
			isa = PBXVariantGroup;
			children = (
				9AD340AE27E4F634007AF6CD /* Base */,
			);
			name = Main.storyboard;
			sourceTree = "<group>";
		};
		9AD340B227E4F635007AF6CD /* LaunchScreen.storyboard */ = {
			isa = PBXVariantGroup;
			children = (
				9AD340B327E4F635007AF6CD /* Base */,
			);
			name = LaunchScreen.storyboard;
			sourceTree = "<group>";
		};
/* End PBXVariantGroup section */

/* Begin XCBuildConfiguration section */
		9AD340B527E4F635007AF6CD /* Debug */ = {
			isa = XCBuildConfiguration;
			buildSettings = {
				ALWAYS_SEARCH_USER_PATHS = NO;
				CLANG_ANALYZER_NONNULL = YES;
				CLANG_ANALYZER_NUMBER_OBJECT_CONVERSION = YES_AGGRESSIVE;
				CLANG_CXX_LANGUAGE_STANDARD = "gnu++17";
				CLANG_ENABLE_MODULES = YES;
				CLANG_ENABLE_OBJC_ARC = YES;
				CLANG_ENABLE_OBJC_WEAK = YES;
				CLANG_WARN_BLOCK_CAPTURE_AUTORELEASING = YES;
				CLANG_WARN_BOOL_CONVERSION = YES;
				CLANG_WARN_COMMA = YES;
				CLANG_WARN_CONSTANT_CONVERSION = YES;
				CLANG_WARN_DEPRECATED_OBJC_IMPLEMENTATIONS = YES;
				CLANG_WARN_DIRECT_OBJC_ISA_USAGE = YES_ERROR;
				CLANG_WARN_DOCUMENTATION_COMMENTS = YES;
				CLANG_WARN_EMPTY_BODY = YES;
				CLANG_WARN_ENUM_CONVERSION = YES;
				CLANG_WARN_INFINITE_RECURSION = YES;
				CLANG_WARN_INT_CONVERSION = YES;
				CLANG_WARN_NON_LITERAL_NULL_CONVERSION = YES;
				CLANG_WARN_OBJC_IMPLICIT_RETAIN_SELF = YES;
				CLANG_WARN_OBJC_LITERAL_CONVERSION = YES;
				CLANG_WARN_OBJC_ROOT_CLASS = YES_ERROR;
				CLANG_WARN_QUOTED_INCLUDE_IN_FRAMEWORK_HEADER = YES;
				CLANG_WARN_RANGE_LOOP_ANALYSIS = YES;
				CLANG_WARN_STRICT_PROTOTYPES = YES;
				CLANG_WARN_SUSPICIOUS_MOVE = YES;
				CLANG_WARN_UNGUARDED_AVAILABILITY = YES_AGGRESSIVE;
				CLANG_WARN_UNREACHABLE_CODE = YES;
				CLANG_WARN__DUPLICATE_METHOD_MATCH = YES;
				COPY_PHASE_STRIP = NO;
				DEBUG_INFORMATION_FORMAT = dwarf;
				ENABLE_STRICT_OBJC_MSGSEND = YES;
				ENABLE_TESTABILITY = YES;
				GCC_C_LANGUAGE_STANDARD = gnu11;
				GCC_DYNAMIC_NO_PIC = NO;
				GCC_NO_COMMON_BLOCKS = YES;
				GCC_OPTIMIZATION_LEVEL = 0;
				GCC_PREPROCESSOR_DEFINITIONS = (
					"DEBUG=1",
					"$(inherited)",
				);
				GCC_WARN_64_TO_32_BIT_CONVERSION = YES;
				GCC_WARN_ABOUT_RETURN_TYPE = YES_ERROR;
				GCC_WARN_UNDECLARED_SELECTOR = YES;
				GCC_WARN_UNINITIALIZED_AUTOS = YES_AGGRESSIVE;
				GCC_WARN_UNUSED_FUNCTION = YES;
				GCC_WARN_UNUSED_VARIABLE = YES;
				IPHONEOS_DEPLOYMENT_TARGET = 15.4;
				MTL_ENABLE_DEBUG_INFO = INCLUDE_SOURCE;
				MTL_FAST_MATH = YES;
				ONLY_ACTIVE_ARCH = YES;
				SDKROOT = iphoneos;
				SWIFT_ACTIVE_COMPILATION_CONDITIONS = DEBUG;
				SWIFT_OPTIMIZATION_LEVEL = "-Onone";
			};
			name = Debug;
		};
		9AD340B627E4F635007AF6CD /* Release */ = {
			isa = XCBuildConfiguration;
			buildSettings = {
				ALWAYS_SEARCH_USER_PATHS = NO;
				CLANG_ANALYZER_NONNULL = YES;
				CLANG_ANALYZER_NUMBER_OBJECT_CONVERSION = YES_AGGRESSIVE;
				CLANG_CXX_LANGUAGE_STANDARD = "gnu++17";
				CLANG_ENABLE_MODULES = YES;
				CLANG_ENABLE_OBJC_ARC = YES;
				CLANG_ENABLE_OBJC_WEAK = YES;
				CLANG_WARN_BLOCK_CAPTURE_AUTORELEASING = YES;
				CLANG_WARN_BOOL_CONVERSION = YES;
				CLANG_WARN_COMMA = YES;
				CLANG_WARN_CONSTANT_CONVERSION = YES;
				CLANG_WARN_DEPRECATED_OBJC_IMPLEMENTATIONS = YES;
				CLANG_WARN_DIRECT_OBJC_ISA_USAGE = YES_ERROR;
				CLANG_WARN_DOCUMENTATION_COMMENTS = YES;
				CLANG_WARN_EMPTY_BODY = YES;
				CLANG_WARN_ENUM_CONVERSION = YES;
				CLANG_WARN_INFINITE_RECURSION = YES;
				CLANG_WARN_INT_CONVERSION = YES;
				CLANG_WARN_NON_LITERAL_NULL_CONVERSION = YES;
				CLANG_WARN_OBJC_IMPLICIT_RETAIN_SELF = YES;
				CLANG_WARN_OBJC_LITERAL_CONVERSION = YES;
				CLANG_WARN_OBJC_ROOT_CLASS = YES_ERROR;
				CLANG_WARN_QUOTED_INCLUDE_IN_FRAMEWORK_HEADER = YES;
				CLANG_WARN_RANGE_LOOP_ANALYSIS = YES;
				CLANG_WARN_STRICT_PROTOTYPES = YES;
				CLANG_WARN_SUSPICIOUS_MOVE = YES;
				CLANG_WARN_UNGUARDED_AVAILABILITY = YES_AGGRESSIVE;
				CLANG_WARN_UNREACHABLE_CODE = YES;
				CLANG_WARN__DUPLICATE_METHOD_MATCH = YES;
				COPY_PHASE_STRIP = NO;
				DEBUG_INFORMATION_FORMAT = "dwarf-with-dsym";
				ENABLE_NS_ASSERTIONS = NO;
				ENABLE_STRICT_OBJC_MSGSEND = YES;
				GCC_C_LANGUAGE_STANDARD = gnu11;
				GCC_NO_COMMON_BLOCKS = YES;
				GCC_WARN_64_TO_32_BIT_CONVERSION = YES;
				GCC_WARN_ABOUT_RETURN_TYPE = YES_ERROR;
				GCC_WARN_UNDECLARED_SELECTOR = YES;
				GCC_WARN_UNINITIALIZED_AUTOS = YES_AGGRESSIVE;
				GCC_WARN_UNUSED_FUNCTION = YES;
				GCC_WARN_UNUSED_VARIABLE = YES;
				IPHONEOS_DEPLOYMENT_TARGET = 15.4;
				MTL_ENABLE_DEBUG_INFO = NO;
				MTL_FAST_MATH = YES;
				SDKROOT = iphoneos;
				SWIFT_COMPILATION_MODE = wholemodule;
				SWIFT_OPTIMIZATION_LEVEL = "-O";
				VALIDATE_PRODUCT = YES;
			};
			name = Release;
		};
		9AD340B827E4F635007AF6CD /* Debug */ = {
			isa = XCBuildConfiguration;
			buildSettings = {
				ASSETCATALOG_COMPILER_APPICON_NAME = AppIcon;
				ASSETCATALOG_COMPILER_GLOBAL_ACCENT_COLOR_NAME = AccentColor;
				CODE_SIGN_STYLE = Automatic;
				CURRENT_PROJECT_VERSION = 1;
				DEVELOPMENT_TEAM = UV2PAA368V;
				GENERATE_INFOPLIST_FILE = YES;
				INFOPLIST_FILE = Jump/Resources/Info.plist;
				INFOPLIST_KEY_UIApplicationSupportsIndirectInputEvents = YES;
				INFOPLIST_KEY_UILaunchStoryboardName = LaunchScreen;
				INFOPLIST_KEY_UIMainStoryboardFile = Main;
				INFOPLIST_KEY_UIRequiresFullScreen = YES;
				INFOPLIST_KEY_UIStatusBarHidden = YES;
				INFOPLIST_KEY_UISupportedInterfaceOrientations = UIInterfaceOrientationPortrait;
				INFOPLIST_KEY_UISupportedInterfaceOrientations_iPad = UIInterfaceOrientationPortrait;
				INFOPLIST_KEY_UISupportedInterfaceOrientations_iPhone = UIInterfaceOrientationPortrait;
				IPHONEOS_DEPLOYMENT_TARGET = 13.0;
				LD_RUNPATH_SEARCH_PATHS = (
					"$(inherited)",
					"@executable_path/Frameworks",
				);
				MARKETING_VERSION = 1.0;
				PRODUCT_BUNDLE_IDENTIFIER = com.maemi.Jump;
				PRODUCT_NAME = "$(TARGET_NAME)";
				SWIFT_EMIT_LOC_STRINGS = YES;
				SWIFT_VERSION = 5.0;
				TARGETED_DEVICE_FAMILY = "1,2";
			};
			name = Debug;
		};
		9AD340B927E4F635007AF6CD /* Release */ = {
			isa = XCBuildConfiguration;
			buildSettings = {
				ASSETCATALOG_COMPILER_APPICON_NAME = AppIcon;
				ASSETCATALOG_COMPILER_GLOBAL_ACCENT_COLOR_NAME = AccentColor;
				CODE_SIGN_STYLE = Automatic;
				CURRENT_PROJECT_VERSION = 1;
				DEVELOPMENT_TEAM = UV2PAA368V;
				GENERATE_INFOPLIST_FILE = YES;
				INFOPLIST_FILE = Jump/Resources/Info.plist;
				INFOPLIST_KEY_UIApplicationSupportsIndirectInputEvents = YES;
				INFOPLIST_KEY_UILaunchStoryboardName = LaunchScreen;
				INFOPLIST_KEY_UIMainStoryboardFile = Main;
				INFOPLIST_KEY_UIRequiresFullScreen = YES;
				INFOPLIST_KEY_UIStatusBarHidden = YES;
				INFOPLIST_KEY_UISupportedInterfaceOrientations = UIInterfaceOrientationPortrait;
				INFOPLIST_KEY_UISupportedInterfaceOrientations_iPad = UIInterfaceOrientationPortrait;
				INFOPLIST_KEY_UISupportedInterfaceOrientations_iPhone = UIInterfaceOrientationPortrait;
				IPHONEOS_DEPLOYMENT_TARGET = 13.0;
				LD_RUNPATH_SEARCH_PATHS = (
					"$(inherited)",
					"@executable_path/Frameworks",
				);
				MARKETING_VERSION = 1.0;
				PRODUCT_BUNDLE_IDENTIFIER = com.maemi.Jump;
				PRODUCT_NAME = "$(TARGET_NAME)";
				SWIFT_EMIT_LOC_STRINGS = YES;
				SWIFT_VERSION = 5.0;
				TARGETED_DEVICE_FAMILY = "1,2";
			};
			name = Release;
		};
/* End XCBuildConfiguration section */

/* Begin XCConfigurationList section */
		9AD3409B27E4F634007AF6CD /* Build configuration list for PBXProject "Jump" */ = {
			isa = XCConfigurationList;
			buildConfigurations = (
				9AD340B527E4F635007AF6CD /* Debug */,
				9AD340B627E4F635007AF6CD /* Release */,
			);
			defaultConfigurationIsVisible = 0;
			defaultConfigurationName = Release;
		};
		9AD340B727E4F635007AF6CD /* Build configuration list for PBXNativeTarget "Jump" */ = {
			isa = XCConfigurationList;
			buildConfigurations = (
				9AD340B827E4F635007AF6CD /* Debug */,
				9AD340B927E4F635007AF6CD /* Release */,
			);
			defaultConfigurationIsVisible = 0;
			defaultConfigurationName = Release;
		};
/* End XCConfigurationList section */
	};
	rootObject = 9AD3409827E4F634007AF6CD /* Project object */;
}
